{
  "version": "4",
  "specifiers": {},
  "jsr": {},
  "npm": {},
  "remote": {},
  "workspace": {
    "dependencies": [
      "jsr:@std/assert@^1.0.0",
      "jsr:@std/dotenv@^0.225.0",
      "jsr:@std/fs@^1.0.0",
      "jsr:@std/json@^1.0.0",
      "jsr:@std/path@^1.0.0",
      "jsr:@std/yaml@^1.0.0"
    ]
  }
}
